
Microsoft Visual Studio Solution File, Format Version 12.00
# Visual Studio Version 17
VisualStudioVersion = 17.2.32616.157
MinimumVisualStudioVersion = 10.0.40219.1
Project("{2150E333-8FDC-42A3-9474-1A3956D46DE8}") = "src", "src", "{516E7AA0-5B7E-4DEA-A1E5-7DF8C2E81019}"
EndProject
Project("{9A19103F-16F7-4668-BE54-9A1E7A4F7556}") = "Http", "src\Http\Http.csproj", "{01FD8593-A7AC-4877-B82F-6C571332C586}"
EndProject
Global
	GlobalSection(SolutionConfigurationPlatforms) = preSolution
		Debug|Any CPU = Debug|Any CPU
		Release|Any CPU = Release|Any CPU
	EndGlobalSection
	GlobalSection(ProjectConfigurationPlatforms) = postSolution
		{01FD8593-A7AC-4877-B82F-6C571332C586}.Debug|Any CPU.ActiveCfg = Debug|Any CPU
		{01FD8593-A7AC-4877-B82F-6C571332C586}.Debug|Any CPU.Build.0 = Debug|Any CPU
		{01FD8593-A7AC-4877-B82F-6C571332C586}.Release|Any CPU.ActiveCfg = Release|Any CPU
		{01FD8593-A7AC-4877-B82F-6C571332C586}.Release|Any CPU.Build.0 = Release|Any CPU
	EndGlobalSection
	GlobalSection(SolutionProperties) = preSolution
		HideSolutionNode = FALSE
	EndGlobalSection
	GlobalSection(NestedProjects) = preSolution
		{01FD8593-A7AC-4877-B82F-6C571332C586} = {516E7AA0-5B7E-4DEA-A1E5-7DF8C2E81019}
	EndGlobalSection
	GlobalSection(ExtensibilityGlobals) = postSolution
		SolutionGuid = {1077AE4D-0EE8-4791-BE26-AA9AC66EB0DC}
	EndGlobalSection
EndGlobal
